
Microsoft Visual Studio Solution File, Format Version 12.00
# Visual Studio Version 17
VisualStudioVersion = 17.0.31903.59
MinimumVisualStudioVersion = 10.0.40219.1
Project("{FAE04EC0-301F-11D3-BF4B-00C04F79EFBC}") = "RequirementsVillage.Api", "RequirementsVillage.Api\RequirementsVillage.Api.csproj", "{33D2C4A1-044A-4BE1-8F09-DE6984D97DBD}"
EndProject
Project("{FAE04EC0-301F-11D3-BF4B-00C04F79EFBC}") = "RequirementsVillage.Client", "RequirementsVillage.Client\RequirementsVillage.Client.csproj", "{A5D8A1B6-9D7C-4F8B-9E9D-8C3D4B5E6F7A}"
EndProject
Global
	GlobalSection(SolutionConfigurationPlatforms) = preSolution
		Debug|Any CPU = Debug|Any CPU
		Debug|x64 = Debug|x64
		Debug|x86 = Debug|x86
		Release|Any CPU = Release|Any CPU
		Release|x64 = Release|x64
		Release|x86 = Release|x86
	EndGlobalSection
	GlobalSection(ProjectConfigurationPlatforms) = postSolution
		{33D2C4A1-044A-4BE1-8F09-DE6984D97DBD}.Debug|Any CPU.ActiveCfg = Debug|Any CPU
		{33D2C4A1-044A-4BE1-8F09-DE6984D97DBD}.Debug|Any CPU.Build.0 = Debug|Any CPU
		{33D2C4A1-044A-4BE1-8F09-DE6984D97DBD}.Debug|x64.ActiveCfg = Debug|Any CPU
		{33D2C4A1-044A-4BE1-8F09-DE6984D97DBD}.Debug|x64.Build.0 = Debug|Any CPU
		{33D2C4A1-044A-4BE1-8F09-DE6984D97DBD}.Debug|x86.ActiveCfg = Debug|Any CPU
		{33D2C4A1-044A-4BE1-8F09-DE6984D97DBD}.Debug|x86.Build.0 = Debug|Any CPU
		{33D2C4A1-044A-4BE1-8F09-DE6984D97DBD}.Release|Any CPU.ActiveCfg = Release|Any CPU
		{33D2C4A1-044A-4BE1-8F09-DE6984D97DBD}.Release|Any CPU.Build.0 = Release|Any CPU
		{33D2C4A1-044A-4BE1-8F09-DE6984D97DBD}.Release|x64.ActiveCfg = Release|Any CPU
		{33D2C4A1-044A-4BE1-8F09-DE6984D97DBD}.Release|x64.Build.0 = Release|Any CPU
		{33D2C4A1-044A-4BE1-8F09-DE6984D97DBD}.Release|x86.ActiveCfg = Release|Any CPU
		{33D2C4A1-044A-4BE1-8F09-DE6984D97DBD}.Release|x86.Build.0 = Release|Any CPU
	EndGlobalSection
	GlobalSection(SolutionProperties) = preSolution
		HideSolutionNode = FALSE
	EndGlobalSection
EndGlobal
